{
  "name": "@firstteam102/scoutradioz-helpers",
  "version": "1.0.23",
  "lockfileVersion": 2,
  "requires": true,
  "packages": {
    "": {
      "name": "@firstteam102/scoutradioz-helpers",
      "version": "1.0.23",
      "license": "ISC",
      "dependencies": {
        "@log4js-node/log4js-api": "^1.0.2",
        "ztable": "^1.0.7"
      }
    },
    "node_modules/@log4js-node/log4js-api": {
      "version": "1.0.2",
      "resolved": "https://registry.npmjs.org/@log4js-node/log4js-api/-/log4js-api-1.0.2.tgz",
      "integrity": "sha512-6SJfx949YEWooh/CUPpJ+F491y4BYJmknz4hUN1+RHvKoUEynKbRmhnwbk/VLmh4OthLLDNCyWXfbh4DG1cTXA=="
    },
    "node_modules/ztable": {
      "version": "1.0.7",
      "resolved": "https://registry.npmjs.org/ztable/-/ztable-1.0.7.tgz",
      "integrity": "sha1-Y+Su9DI++Ps2waW2ZFgdX7zkVZ8="
    }
  },
  "dependencies": {
    "@log4js-node/log4js-api": {
      "version": "1.0.2",
      "resolved": "https://registry.npmjs.org/@log4js-node/log4js-api/-/log4js-api-1.0.2.tgz",
      "integrity": "sha512-6SJfx949YEWooh/CUPpJ+F491y4BYJmknz4hUN1+RHvKoUEynKbRmhnwbk/VLmh4OthLLDNCyWXfbh4DG1cTXA=="
    },
    "ztable": {
      "version": "1.0.7",
      "resolved": "https://registry.npmjs.org/ztable/-/ztable-1.0.7.tgz",
      "integrity": "sha1-Y+Su9DI++Ps2waW2ZFgdX7zkVZ8="
    }
  }
}
